
Microsoft Visual Studio Solution File, Format Version 12.00
# Visual Studio Version 16
VisualStudioVersion = 16.0.30114.105
MinimumVisualStudioVersion = 10.0.40219.1
Project("{2150E333-8FDC-42A3-9474-1A3956D46DE8}") = "domain", "domain", "{A508A275-104B-4166-8150-E28F2C6A83D5}"
EndProject
Project("{9A19103F-16F7-4668-BE54-9A1E7A4F7556}") = "Store", "domain\Store\Store.csproj", "{C900E017-3513-400C-AE7A-095CFECE714D}"
EndProject
Project("{2150E333-8FDC-42A3-9474-1A3956D46DE8}") = "infrastructure", "infrastructure", "{AB3807C9-3890-4C5C-B52A-5AB359A6269B}"
EndProject
Project("{9A19103F-16F7-4668-BE54-9A1E7A4F7556}") = "Store.Memory", "infrastructure\Store.Memory\Store.Memory.csproj", "{1BCA3412-FF83-420A-B625-D14B02B60F0A}"
EndProject
Project("{2150E333-8FDC-42A3-9474-1A3956D46DE8}") = "presentation", "presentation", "{ABF2B5A0-4522-449D-8487-AACA4EEBA4F5}"
EndProject
Project("{9A19103F-16F7-4668-BE54-9A1E7A4F7556}") = "Store.Web", "presentation\Store.Web\Store.Web.csproj", "{B387AFBA-AA77-4081-80F0-BEA221446E2E}"
EndProject
Project("{FAE04EC0-301F-11D3-BF4B-00C04F79EFBC}") = "Store.Tests", "domain\Store.Tests\Store.Tests.csproj", "{F8FC6449-2864-4FC0-977E-A034CFCF2F25}"
EndProject
Global
	GlobalSection(SolutionConfigurationPlatforms) = preSolution
		Debug|Any CPU = Debug|Any CPU
		Debug|x64 = Debug|x64
		Debug|x86 = Debug|x86
		Release|Any CPU = Release|Any CPU
		Release|x64 = Release|x64
		Release|x86 = Release|x86
	EndGlobalSection
	GlobalSection(ProjectConfigurationPlatforms) = postSolution
		{C900E017-3513-400C-AE7A-095CFECE714D}.Debug|Any CPU.ActiveCfg = Debug|Any CPU
		{C900E017-3513-400C-AE7A-095CFECE714D}.Debug|Any CPU.Build.0 = Debug|Any CPU
		{C900E017-3513-400C-AE7A-095CFECE714D}.Debug|x64.ActiveCfg = Debug|Any CPU
		{C900E017-3513-400C-AE7A-095CFECE714D}.Debug|x64.Build.0 = Debug|Any CPU
		{C900E017-3513-400C-AE7A-095CFECE714D}.Debug|x86.ActiveCfg = Debug|Any CPU
		{C900E017-3513-400C-AE7A-095CFECE714D}.Debug|x86.Build.0 = Debug|Any CPU
		{C900E017-3513-400C-AE7A-095CFECE714D}.Release|Any CPU.ActiveCfg = Release|Any CPU
		{C900E017-3513-400C-AE7A-095CFECE714D}.Release|Any CPU.Build.0 = Release|Any CPU
		{C900E017-3513-400C-AE7A-095CFECE714D}.Release|x64.ActiveCfg = Release|Any CPU
		{C900E017-3513-400C-AE7A-095CFECE714D}.Release|x64.Build.0 = Release|Any CPU
		{C900E017-3513-400C-AE7A-095CFECE714D}.Release|x86.ActiveCfg = Release|Any CPU
		{C900E017-3513-400C-AE7A-095CFECE714D}.Release|x86.Build.0 = Release|Any CPU
		{1BCA3412-FF83-420A-B625-D14B02B60F0A}.Debug|Any CPU.ActiveCfg = Debug|Any CPU
		{1BCA3412-FF83-420A-B625-D14B02B60F0A}.Debug|Any CPU.Build.0 = Debug|Any CPU
		{1BCA3412-FF83-420A-B625-D14B02B60F0A}.Debug|x64.ActiveCfg = Debug|Any CPU
		{1BCA3412-FF83-420A-B625-D14B02B60F0A}.Debug|x64.Build.0 = Debug|Any CPU
		{1BCA3412-FF83-420A-B625-D14B02B60F0A}.Debug|x86.ActiveCfg = Debug|Any CPU
		{1BCA3412-FF83-420A-B625-D14B02B60F0A}.Debug|x86.Build.0 = Debug|Any CPU
		{1BCA3412-FF83-420A-B625-D14B02B60F0A}.Release|Any CPU.ActiveCfg = Release|Any CPU
		{1BCA3412-FF83-420A-B625-D14B02B60F0A}.Release|Any CPU.Build.0 = Release|Any CPU
		{1BCA3412-FF83-420A-B625-D14B02B60F0A}.Release|x64.ActiveCfg = Release|Any CPU
		{1BCA3412-FF83-420A-B625-D14B02B60F0A}.Release|x64.Build.0 = Release|Any CPU
		{1BCA3412-FF83-420A-B625-D14B02B60F0A}.Release|x86.ActiveCfg = Release|Any CPU
		{1BCA3412-FF83-420A-B625-D14B02B60F0A}.Release|x86.Build.0 = Release|Any CPU
		{B387AFBA-AA77-4081-80F0-BEA221446E2E}.Debug|Any CPU.ActiveCfg = Debug|Any CPU
		{B387AFBA-AA77-4081-80F0-BEA221446E2E}.Debug|Any CPU.Build.0 = Debug|Any CPU
		{B387AFBA-AA77-4081-80F0-BEA221446E2E}.Debug|x64.ActiveCfg = Debug|Any CPU
		{B387AFBA-AA77-4081-80F0-BEA221446E2E}.Debug|x64.Build.0 = Debug|Any CPU
		{B387AFBA-AA77-4081-80F0-BEA221446E2E}.Debug|x86.ActiveCfg = Debug|Any CPU
		{B387AFBA-AA77-4081-80F0-BEA221446E2E}.Debug|x86.Build.0 = Debug|Any CPU
		{B387AFBA-AA77-4081-80F0-BEA221446E2E}.Release|Any CPU.ActiveCfg = Release|Any CPU
		{B387AFBA-AA77-4081-80F0-BEA221446E2E}.Release|Any CPU.Build.0 = Release|Any CPU
		{B387AFBA-AA77-4081-80F0-BEA221446E2E}.Release|x64.ActiveCfg = Release|Any CPU
		{B387AFBA-AA77-4081-80F0-BEA221446E2E}.Release|x64.Build.0 = Release|Any CPU
		{B387AFBA-AA77-4081-80F0-BEA221446E2E}.Release|x86.ActiveCfg = Release|Any CPU
		{B387AFBA-AA77-4081-80F0-BEA221446E2E}.Release|x86.Build.0 = Release|Any CPU
		{F8FC6449-2864-4FC0-977E-A034CFCF2F25}.Debug|Any CPU.ActiveCfg = Debug|Any CPU
		{F8FC6449-2864-4FC0-977E-A034CFCF2F25}.Debug|Any CPU.Build.0 = Debug|Any CPU
		{F8FC6449-2864-4FC0-977E-A034CFCF2F25}.Debug|x64.ActiveCfg = Debug|Any CPU
		{F8FC6449-2864-4FC0-977E-A034CFCF2F25}.Debug|x64.Build.0 = Debug|Any CPU
		{F8FC6449-2864-4FC0-977E-A034CFCF2F25}.Debug|x86.ActiveCfg = Debug|Any CPU
		{F8FC6449-2864-4FC0-977E-A034CFCF2F25}.Debug|x86.Build.0 = Debug|Any CPU
		{F8FC6449-2864-4FC0-977E-A034CFCF2F25}.Release|Any CPU.ActiveCfg = Release|Any CPU
		{F8FC6449-2864-4FC0-977E-A034CFCF2F25}.Release|Any CPU.Build.0 = Release|Any CPU
		{F8FC6449-2864-4FC0-977E-A034CFCF2F25}.Release|x64.ActiveCfg = Release|Any CPU
		{F8FC6449-2864-4FC0-977E-A034CFCF2F25}.Release|x64.Build.0 = Release|Any CPU
		{F8FC6449-2864-4FC0-977E-A034CFCF2F25}.Release|x86.ActiveCfg = Release|Any CPU
		{F8FC6449-2864-4FC0-977E-A034CFCF2F25}.Release|x86.Build.0 = Release|Any CPU
	EndGlobalSection
	GlobalSection(SolutionProperties) = preSolution
		HideSolutionNode = FALSE
	EndGlobalSection
	GlobalSection(NestedProjects) = preSolution
		{C900E017-3513-400C-AE7A-095CFECE714D} = {A508A275-104B-4166-8150-E28F2C6A83D5}
		{1BCA3412-FF83-420A-B625-D14B02B60F0A} = {AB3807C9-3890-4C5C-B52A-5AB359A6269B}
		{B387AFBA-AA77-4081-80F0-BEA221446E2E} = {ABF2B5A0-4522-449D-8487-AACA4EEBA4F5}
		{F8FC6449-2864-4FC0-977E-A034CFCF2F25} = {A508A275-104B-4166-8150-E28F2C6A83D5}
	EndGlobalSection
	GlobalSection(ExtensibilityGlobals) = postSolution
		SolutionGuid = {E142D7B8-E80B-43E6-9243-4D40790E797C}
	EndGlobalSection
EndGlobal
